
Microsoft Visual Studio Solution File, Format Version 12.00
# Visual Studio Version 17
VisualStudioVersion = 17.0.31903.59
MinimumVisualStudioVersion = 10.0.40219.1
Project("{9A19103F-16F7-4668-BE54-9A1E7A4F7556}") = "Hr.Api", "api\Hr.Api.csproj", "{E0670CDD-B23C-4584-9B43-11700C36E497}"
EndProject
Project("{9A19103F-16F7-4668-BE54-9A1E7A4F7556}") = "Management.Api", "external_api\Management.Api.csproj", "{1882C8BD-ECE9-44B1-BC97-74D1D50CA91C}"
EndProject
Project("{2150E333-8FDC-42A3-9474-1A3956D46DE8}") = "src", "src", "{AB3261E8-45EB-4349-B808-FA2EE78CBAF7}"
EndProject
Project("{2150E333-8FDC-42A3-9474-1A3956D46DE8}") = "tests", "tests", "{35C805BF-2B5D-406C-AE5A-9DED034022F8}"
EndProject
Project("{2150E333-8FDC-42A3-9474-1A3956D46DE8}") = "UnitTests", "UnitTests", "{20D23415-CE1E-4EC2-BFD0-C42E5CCCAB0B}"
EndProject
Project("{9A19103F-16F7-4668-BE54-9A1E7A4F7556}") = "CompanyFramework", "library\CompanyFramework.csproj", "{F40CCFA1-21FF-4643-BCBD-79801EF222D7}"
EndProject
Project("{9A19103F-16F7-4668-BE54-9A1E7A4F7556}") = "Hr.Api.Tests", "api_tests\Hr.Api.Tests.csproj", "{50E3AB45-5C11-40EE-854B-C9FBBF461A16}"
EndProject
Project("{9A19103F-16F7-4668-BE54-9A1E7A4F7556}") = "CompanyFramework.Tests", "library_tests\CompanyFramework.Tests.csproj", "{50CE3A79-CED9-4052-A766-016332A99267}"
EndProject
Global
	GlobalSection(SolutionConfigurationPlatforms) = preSolution
		Debug|Any CPU = Debug|Any CPU
		Release|Any CPU = Release|Any CPU
	EndGlobalSection
	GlobalSection(ProjectConfigurationPlatforms) = postSolution
		{E0670CDD-B23C-4584-9B43-11700C36E497}.Debug|Any CPU.ActiveCfg = Debug|Any CPU
		{E0670CDD-B23C-4584-9B43-11700C36E497}.Debug|Any CPU.Build.0 = Debug|Any CPU
		{E0670CDD-B23C-4584-9B43-11700C36E497}.Release|Any CPU.ActiveCfg = Release|Any CPU
		{E0670CDD-B23C-4584-9B43-11700C36E497}.Release|Any CPU.Build.0 = Release|Any CPU
		{1882C8BD-ECE9-44B1-BC97-74D1D50CA91C}.Debug|Any CPU.ActiveCfg = Debug|Any CPU
		{1882C8BD-ECE9-44B1-BC97-74D1D50CA91C}.Debug|Any CPU.Build.0 = Debug|Any CPU
		{1882C8BD-ECE9-44B1-BC97-74D1D50CA91C}.Release|Any CPU.ActiveCfg = Release|Any CPU
		{1882C8BD-ECE9-44B1-BC97-74D1D50CA91C}.Release|Any CPU.Build.0 = Release|Any CPU
		{F40CCFA1-21FF-4643-BCBD-79801EF222D7}.Debug|Any CPU.ActiveCfg = Debug|Any CPU
		{F40CCFA1-21FF-4643-BCBD-79801EF222D7}.Debug|Any CPU.Build.0 = Debug|Any CPU
		{F40CCFA1-21FF-4643-BCBD-79801EF222D7}.Release|Any CPU.ActiveCfg = Release|Any CPU
		{F40CCFA1-21FF-4643-BCBD-79801EF222D7}.Release|Any CPU.Build.0 = Release|Any CPU
		{50E3AB45-5C11-40EE-854B-C9FBBF461A16}.Debug|Any CPU.ActiveCfg = Debug|Any CPU
		{50E3AB45-5C11-40EE-854B-C9FBBF461A16}.Debug|Any CPU.Build.0 = Debug|Any CPU
		{50E3AB45-5C11-40EE-854B-C9FBBF461A16}.Release|Any CPU.ActiveCfg = Release|Any CPU
		{50E3AB45-5C11-40EE-854B-C9FBBF461A16}.Release|Any CPU.Build.0 = Release|Any CPU
		{50CE3A79-CED9-4052-A766-016332A99267}.Debug|Any CPU.ActiveCfg = Debug|Any CPU
		{50CE3A79-CED9-4052-A766-016332A99267}.Debug|Any CPU.Build.0 = Debug|Any CPU
		{50CE3A79-CED9-4052-A766-016332A99267}.Release|Any CPU.ActiveCfg = Release|Any CPU
		{50CE3A79-CED9-4052-A766-016332A99267}.Release|Any CPU.Build.0 = Release|Any CPU
	EndGlobalSection
	GlobalSection(SolutionProperties) = preSolution
		HideSolutionNode = FALSE
	EndGlobalSection
	GlobalSection(NestedProjects) = preSolution
		{E0670CDD-B23C-4584-9B43-11700C36E497} = {AB3261E8-45EB-4349-B808-FA2EE78CBAF7}
		{1882C8BD-ECE9-44B1-BC97-74D1D50CA91C} = {AB3261E8-45EB-4349-B808-FA2EE78CBAF7}
		{20D23415-CE1E-4EC2-BFD0-C42E5CCCAB0B} = {35C805BF-2B5D-406C-AE5A-9DED034022F8}
		{F40CCFA1-21FF-4643-BCBD-79801EF222D7} = {AB3261E8-45EB-4349-B808-FA2EE78CBAF7}
		{50E3AB45-5C11-40EE-854B-C9FBBF461A16} = {20D23415-CE1E-4EC2-BFD0-C42E5CCCAB0B}
		{50CE3A79-CED9-4052-A766-016332A99267} = {20D23415-CE1E-4EC2-BFD0-C42E5CCCAB0B}
	EndGlobalSection
	GlobalSection(ExtensibilityGlobals) = postSolution
		SolutionGuid = {1BF29122-0305-4912-B97C-00A677784034}
	EndGlobalSection
EndGlobal
